// !$*UTF8*$!
{
	archiveVersion = 1;
	classes = {
	};
	objectVersion = 46;
	objects = {

/* Begin PBXBuildFile section */
		4C64A13C1D89AA4F0086FAD4 /* MapTableViewController.m in Sources */ = {isa = PBXBuildFile; fileRef = 4C64A13B1D89AA4F0086FAD4 /* MapTableViewController.m */; };
		4C9D80101D79BF710007F748 /* main.m in Sources */ = {isa = PBXBuildFile; fileRef = 4C9D800F1D79BF710007F748 /* main.m */; };
		4C9D80131D79BF710007F748 /* AppDelegate.m in Sources */ = {isa = PBXBuildFile; fileRef = 4C9D80121D79BF710007F748 /* AppDelegate.m */; };
		4C9D80161D79BF710007F748 /* ViewController.m in Sources */ = {isa = PBXBuildFile; fileRef = 4C9D80151D79BF710007F748 /* ViewController.m */; };
		4C9D80191D79BF710007F748 /* Main.storyboard in Resources */ = {isa = PBXBuildFile; fileRef = 4C9D80171D79BF710007F748 /* Main.storyboard */; };
		4C9D801B1D79BF710007F748 /* Assets.xcassets in Resources */ = {isa = PBXBuildFile; fileRef = 4C9D801A1D79BF710007F748 /* Assets.xcassets */; };
		4C9D801E1D79BF710007F748 /* LaunchScreen.storyboard in Resources */ = {isa = PBXBuildFile; fileRef = 4C9D801C1D79BF710007F748 /* LaunchScreen.storyboard */; };
		66989F7559D39D540A9AD458 /* Pods_SkrobblerTast.framework in Frameworks */ = {isa = PBXBuildFile; fileRef = F864FC1B6F3239D9EA58139B /* Pods_SkrobblerTast.framework */; };
/* End PBXBuildFile section */

/* Begin PBXFileReference section */
		32D896E6CD29848C59EF6D89 /* Pods-SkrobblerTast.release.xcconfig */ = {isa = PBXFileReference; includeInIndex = 1; lastKnownFileType = text.xcconfig; name = "Pods-SkrobblerTast.release.xcconfig"; path = "Pods/Target Support Files/Pods-SkrobblerTast/Pods-SkrobblerTast.release.xcconfig"; sourceTree = "<group>"; };
		4C64A13A1D89AA4F0086FAD4 /* MapTableViewController.h */ = {isa = PBXFileReference; fileEncoding = 4; lastKnownFileType = sourcecode.c.h; path = MapTableViewController.h; sourceTree = "<group>"; };
		4C64A13B1D89AA4F0086FAD4 /* MapTableViewController.m */ = {isa = PBXFileReference; fileEncoding = 4; lastKnownFileType = sourcecode.c.objc; path = MapTableViewController.m; sourceTree = "<group>"; };
		4C9D800B1D79BF700007F748 /* SkrobblerTast.app */ = {isa = PBXFileReference; explicitFileType = wrapper.application; includeInIndex = 0; path = SkrobblerTast.app; sourceTree = BUILT_PRODUCTS_DIR; };
		4C9D800F1D79BF710007F748 /* main.m */ = {isa = PBXFileReference; lastKnownFileType = sourcecode.c.objc; path = main.m; sourceTree = "<group>"; };
		4C9D80111D79BF710007F748 /* AppDelegate.h */ = {isa = PBXFileReference; lastKnownFileType = sourcecode.c.h; path = AppDelegate.h; sourceTree = "<group>"; };
		4C9D80121D79BF710007F748 /* AppDelegate.m */ = {isa = PBXFileReference; lastKnownFileType = sourcecode.c.objc; path = AppDelegate.m; sourceTree = "<group>"; };
		4C9D80141D79BF710007F748 /* ViewController.h */ = {isa = PBXFileReference; lastKnownFileType = sourcecode.c.h; path = ViewController.h; sourceTree = "<group>"; };
		4C9D80151D79BF710007F748 /* ViewController.m */ = {isa = PBXFileReference; lastKnownFileType = sourcecode.c.objc; path = ViewController.m; sourceTree = "<group>"; };
		4C9D80181D79BF710007F748 /* Base */ = {isa = PBXFileReference; lastKnownFileType = file.storyboard; name = Base; path = Base.lproj/Main.storyboard; sourceTree = "<group>"; };
		4C9D801A1D79BF710007F748 /* Assets.xcassets */ = {isa = PBXFileReference; lastKnownFileType = folder.assetcatalog; path = Assets.xcassets; sourceTree = "<group>"; };
		4C9D801D1D79BF710007F748 /* Base */ = {isa = PBXFileReference; lastKnownFileType = file.storyboard; name = Base; path = Base.lproj/LaunchScreen.storyboard; sourceTree = "<group>"; };
		4C9D801F1D79BF710007F748 /* Info.plist */ = {isa = PBXFileReference; lastKnownFileType = text.plist.xml; path = Info.plist; sourceTree = "<group>"; };
		7475800D37B59679E2127F4A /* Pods-SkrobblerTast.debug.xcconfig */ = {isa = PBXFileReference; includeInIndex = 1; lastKnownFileType = text.xcconfig; name = "Pods-SkrobblerTast.debug.xcconfig"; path = "Pods/Target Support Files/Pods-SkrobblerTast/Pods-SkrobblerTast.debug.xcconfig"; sourceTree = "<group>"; };
		F864FC1B6F3239D9EA58139B /* Pods_SkrobblerTast.framework */ = {isa = PBXFileReference; explicitFileType = wrapper.framework; includeInIndex = 0; path = Pods_SkrobblerTast.framework; sourceTree = BUILT_PRODUCTS_DIR; };
/* End PBXFileReference section */

/* Begin PBXFrameworksBuildPhase section */
		4C9D80081D79BF700007F748 /* Frameworks */ = {
			isa = PBXFrameworksBuildPhase;
			buildActionMask = 2147483647;
			files = (
				66989F7559D39D540A9AD458 /* Pods_SkrobblerTast.framework in Frameworks */,
			);
			runOnlyForDeploymentPostprocessing = 0;
		};
/* End PBXFrameworksBuildPhase section */

/* Begin PBXGroup section */
		407A740FC009DBE9E8BC04B2 /* Pods */ = {
			isa = PBXGroup;
			children = (
				7475800D37B59679E2127F4A /* Pods-SkrobblerTast.debug.xcconfig */,
				32D896E6CD29848C59EF6D89 /* Pods-SkrobblerTast.release.xcconfig */,
			);
			name = Pods;
			sourceTree = "<group>";
		};
		4C9D80021D79BF700007F748 = {
			isa = PBXGroup;
			children = (
				4C9D800D1D79BF700007F748 /* SkrobblerTast */,
				4C9D800C1D79BF700007F748 /* Products */,
				407A740FC009DBE9E8BC04B2 /* Pods */,
				65C49A79E27C04E39FC41A91 /* Frameworks */,
			);
			sourceTree = "<group>";
		};
		4C9D800C1D79BF700007F748 /* Products */ = {
			isa = PBXGroup;
			children = (
				4C9D800B1D79BF700007F748 /* SkrobblerTast.app */,
			);
			name = Products;
			sourceTree = "<group>";
		};
		4C9D800D1D79BF700007F748 /* SkrobblerTast */ = {
			isa = PBXGroup;
			children = (
				4C9D80111D79BF710007F748 /* AppDelegate.h */,
				4C9D80121D79BF710007F748 /* AppDelegate.m */,
				4C9D80141D79BF710007F748 /* ViewController.h */,
				4C9D80151D79BF710007F748 /* ViewController.m */,
				4C9D80171D79BF710007F748 /* Main.storyboard */,
				4C9D801A1D79BF710007F748 /* Assets.xcassets */,
				4C9D801C1D79BF710007F748 /* LaunchScreen.storyboard */,
				4C9D801F1D79BF710007F748 /* Info.plist */,
				4C9D800E1D79BF710007F748 /* Supporting Files */,
				4C64A13A1D89AA4F0086FAD4 /* MapTableViewController.h */,
				4C64A13B1D89AA4F0086FAD4 /* MapTableViewController.m */,
			);
			path = SkrobblerTast;
			sourceTree = "<group>";
		};
		4C9D800E1D79BF710007F748 /* Supporting Files */ = {
			isa = PBXGroup;
			children = (
				4C9D800F1D79BF710007F748 /* main.m */,
			);
			name = "Supporting Files";
			sourceTree = "<group>";
		};
		65C49A79E27C04E39FC41A91 /* Frameworks */ = {
			isa = PBXGroup;
			children = (
				F864FC1B6F3239D9EA58139B /* Pods_SkrobblerTast.framework */,
			);
			name = Frameworks;
			sourceTree = "<group>";
		};
/* End PBXGroup section */

/* Begin PBXNativeTarget section */
		4C9D800A1D79BF700007F748 /* SkrobblerTast */ = {
			isa = PBXNativeTarget;
			buildConfigurationList = 4C9D80221D79BF710007F748 /* Build configuration list for PBXNativeTarget "SkrobblerTast" */;
			buildPhases = (
				D138F9B44DA69643A9422096 /* [CP] Check Pods Manifest.lock */,
				4C9D80071D79BF700007F748 /* Sources */,
				4C9D80081D79BF700007F748 /* Frameworks */,
				4C9D80091D79BF700007F748 /* Resources */,
				0FA099955F709C4D75D433BF /* [CP] Embed Pods Frameworks */,
				6627D174807BD192E526D541 /* [CP] Copy Pods Resources */,
			);
			buildRules = (
			);
			dependencies = (
			);
			name = SkrobblerTast;
			productName = SkrobblerTast;
			productReference = 4C9D800B1D79BF700007F748 /* SkrobblerTast.app */;
			productType = "com.apple.product-type.application";
		};
/* End PBXNativeTarget section */

/* Begin PBXProject section */
		4C9D80031D79BF700007F748 /* Project object */ = {
			isa = PBXProject;
			attributes = {
				LastUpgradeCheck = 0730;
				ORGANIZATIONNAME = "Odie Edo-Osagie";
				TargetAttributes = {
					4C9D800A1D79BF700007F748 = {
						CreatedOnToolsVersion = 7.3.1;
					};
				};
			};
			buildConfigurationList = 4C9D80061D79BF700007F748 /* Build configuration list for PBXProject "SkrobblerTast" */;
			compatibilityVersion = "Xcode 3.2";
			developmentRegion = English;
			hasScannedForEncodings = 0;
			knownRegions = (
				en,
				Base,
			);
			mainGroup = 4C9D80021D79BF700007F748;
			productRefGroup = 4C9D800C1D79BF700007F748 /* Products */;
			projectDirPath = "";
			projectRoot = "";
			targets = (
				4C9D800A1D79BF700007F748 /* SkrobblerTast */,
			);
		};
/* End PBXProject section */

/* Begin PBXResourcesBuildPhase section */
		4C9D80091D79BF700007F748 /* Resources */ = {
			isa = PBXResourcesBuildPhase;
			buildActionMask = 2147483647;
			files = (
				4C9D801E1D79BF710007F748 /* LaunchScreen.storyboard in Resources */,
				4C9D801B1D79BF710007F748 /* Assets.xcassets in Resources */,
				4C9D80191D79BF710007F748 /* Main.storyboard in Resources */,
			);
			runOnlyForDeploymentPostprocessing = 0;
		};
/* End PBXResourcesBuildPhase section */

/* Begin PBXShellScriptBuildPhase section */
		0FA099955F709C4D75D433BF /* [CP] Embed Pods Frameworks */ = {
			isa = PBXShellScriptBuildPhase;
			buildActionMask = 2147483647;
			files = (
			);
			inputPaths = (
			);
			name = "[CP] Embed Pods Frameworks";
			outputPaths = (
			);
			runOnlyForDeploymentPostprocessing = 0;
			shellPath = /bin/sh;
			shellScript = "\"${SRCROOT}/Pods/Target Support Files/Pods-SkrobblerTast/Pods-SkrobblerTast-frameworks.sh\"\n";
			showEnvVarsInLog = 0;
		};
		6627D174807BD192E526D541 /* [CP] Copy Pods Resources */ = {
			isa = PBXShellScriptBuildPhase;
			buildActionMask = 2147483647;
			files = (
			);
			inputPaths = (
			);
			name = "[CP] Copy Pods Resources";
			outputPaths = (
			);
			runOnlyForDeploymentPostprocessing = 0;
			shellPath = /bin/sh;
			shellScript = "\"${SRCROOT}/Pods/Target Support Files/Pods-SkrobblerTast/Pods-SkrobblerTast-resources.sh\"\n";
			showEnvVarsInLog = 0;
		};
		D138F9B44DA69643A9422096 /* [CP] Check Pods Manifest.lock */ = {
			isa = PBXShellScriptBuildPhase;
			buildActionMask = 2147483647;
			files = (
			);
			inputPaths = (
			);
			name = "[CP] Check Pods Manifest.lock";
			outputPaths = (
			);
			runOnlyForDeploymentPostprocessing = 0;
			shellPath = /bin/sh;
			shellScript = "diff \"${PODS_ROOT}/../Podfile.lock\" \"${PODS_ROOT}/Manifest.lock\" > /dev/null\nif [[ $? != 0 ]] ; then\n    cat << EOM\nerror: The sandbox is not in sync with the Podfile.lock. Run 'pod install' or update your CocoaPods installation.\nEOM\n    exit 1\nfi\n";
			showEnvVarsInLog = 0;
		};
/* End PBXShellScriptBuildPhase section */

/* Begin PBXSourcesBuildPhase section */
		4C9D80071D79BF700007F748 /* Sources */ = {
			isa = PBXSourcesBuildPhase;
			buildActionMask = 2147483647;
			files = (
				4C64A13C1D89AA4F0086FAD4 /* MapTableViewController.m in Sources */,
				4C9D80161D79BF710007F748 /* ViewController.m in Sources */,
				4C9D80131D79BF710007F748 /* AppDelegate.m in Sources */,
				4C9D80101D79BF710007F748 /* main.m in Sources */,
			);
			runOnlyForDeploymentPostprocessing = 0;
		};
/* End PBXSourcesBuildPhase section */

/* Begin PBXVariantGroup section */
		4C9D80171D79BF710007F748 /* Main.storyboard */ = {
			isa = PBXVariantGroup;
			children = (
				4C9D80181D79BF710007F748 /* Base */,
			);
			name = Main.storyboard;
			sourceTree = "<group>";
		};
		4C9D801C1D79BF710007F748 /* LaunchScreen.storyboard */ = {
			isa = PBXVariantGroup;
			children = (
				4C9D801D1D79BF710007F748 /* Base */,
			);
			name = LaunchScreen.storyboard;
			sourceTree = "<group>";
		};
/* End PBXVariantGroup section */

/* Begin XCBuildConfiguration section */
		4C9D80201D79BF710007F748 /* Debug */ = {
			isa = XCBuildConfiguration;
			buildSettings = {
				ALWAYS_SEARCH_USER_PATHS = NO;
				CLANG_ANALYZER_NONNULL = YES;
				CLANG_CXX_LANGUAGE_STANDARD = "gnu++0x";
				CLANG_CXX_LIBRARY = "libc++";
				CLANG_ENABLE_MODULES = YES;
				CLANG_ENABLE_OBJC_ARC = YES;
				CLANG_WARN_BOOL_CONVERSION = YES;
				CLANG_WARN_CONSTANT_CONVERSION = YES;
				CLANG_WARN_DIRECT_OBJC_ISA_USAGE = YES_ERROR;
				CLANG_WARN_EMPTY_BODY = YES;
				CLANG_WARN_ENUM_CONVERSION = YES;
				CLANG_WARN_INT_CONVERSION = YES;
				CLANG_WARN_OBJC_ROOT_CLASS = YES_ERROR;
				CLANG_WARN_UNREACHABLE_CODE = YES;
				CLANG_WARN__DUPLICATE_METHOD_MATCH = YES;
				"CODE_SIGN_IDENTITY[sdk=iphoneos*]" = "iPhone Developer";
				COPY_PHASE_STRIP = NO;
				DEBUG_INFORMATION_FORMAT = dwarf;
				ENABLE_STRICT_OBJC_MSGSEND = YES;
				ENABLE_TESTABILITY = YES;
				GCC_C_LANGUAGE_STANDARD = gnu99;
				GCC_DYNAMIC_NO_PIC = NO;
				GCC_NO_COMMON_BLOCKS = YES;
				GCC_OPTIMIZATION_LEVEL = 0;
				GCC_PREPROCESSOR_DEFINITIONS = (
					"DEBUG=1",
					"$(inherited)",
				);
				GCC_WARN_64_TO_32_BIT_CONVERSION = YES;
				GCC_WARN_ABOUT_RETURN_TYPE = YES_ERROR;
				GCC_WARN_UNDECLARED_SELECTOR = YES;
				GCC_WARN_UNINITIALIZED_AUTOS = YES_AGGRESSIVE;
				GCC_WARN_UNUSED_FUNCTION = YES;
				GCC_WARN_UNUSED_VARIABLE = YES;
				IPHONEOS_DEPLOYMENT_TARGET = 9.3;
				MTL_ENABLE_DEBUG_INFO = YES;
				ONLY_ACTIVE_ARCH = YES;
				SDKROOT = iphoneos;
			};
			name = Debug;
		};
		4C9D80211D79BF710007F748 /* Release */ = {
			isa = XCBuildConfiguration;
			buildSettings = {
				ALWAYS_SEARCH_USER_PATHS = NO;
				CLANG_ANALYZER_NONNULL = YES;
				CLANG_CXX_LANGUAGE_STANDARD = "gnu++0x";
				CLANG_CXX_LIBRARY = "libc++";
				CLANG_ENABLE_MODULES = YES;
				CLANG_ENABLE_OBJC_ARC = YES;
				CLANG_WARN_BOOL_CONVERSION = YES;
				CLANG_WARN_CONSTANT_CONVERSION = YES;
				CLANG_WARN_DIRECT_OBJC_ISA_USAGE = YES_ERROR;
				CLANG_WARN_EMPTY_BODY = YES;
				CLANG_WARN_ENUM_CONVERSION = YES;
				CLANG_WARN_INT_CONVERSION = YES;
				CLANG_WARN_OBJC_ROOT_CLASS = YES_ERROR;
				CLANG_WARN_UNREACHABLE_CODE = YES;
				CLANG_WARN__DUPLICATE_METHOD_MATCH = YES;
				"CODE_SIGN_IDENTITY[sdk=iphoneos*]" = "iPhone Developer";
				COPY_PHASE_STRIP = NO;
				DEBUG_INFORMATION_FORMAT = "dwarf-with-dsym";
				ENABLE_NS_ASSERTIONS = NO;
				ENABLE_STRICT_OBJC_MSGSEND = YES;
				GCC_C_LANGUAGE_STANDARD = gnu99;
				GCC_NO_COMMON_BLOCKS = YES;
				GCC_WARN_64_TO_32_BIT_CONVERSION = YES;
				GCC_WARN_ABOUT_RETURN_TYPE = YES_ERROR;
				GCC_WARN_UNDECLARED_SELECTOR = YES;
				GCC_WARN_UNINITIALIZED_AUTOS = YES_AGGRESSIVE;
				GCC_WARN_UNUSED_FUNCTION = YES;
				GCC_WARN_UNUSED_VARIABLE = YES;
				IPHONEOS_DEPLOYMENT_TARGET = 9.3;
				MTL_ENABLE_DEBUG_INFO = NO;
				SDKROOT = iphoneos;
				VALIDATE_PRODUCT = YES;
			};
			name = Release;
		};
		4C9D80231D79BF710007F748 /* Debug */ = {
			isa = XCBuildConfiguration;
			baseConfigurationReference = 7475800D37B59679E2127F4A /* Pods-SkrobblerTast.debug.xcconfig */;
			buildSettings = {
				ASSETCATALOG_COMPILER_APPICON_NAME = AppIcon;
				INFOPLIST_FILE = SkrobblerTast/Info.plist;
				LD_RUNPATH_SEARCH_PATHS = "$(inherited) @executable_path/Frameworks";
				OTHER_LDFLAGS = (
					"$(inherited)",
					"-l\"c++\"",
					"-l\"stdc++.6\"",
					"-l\"z\"",
					"-framework",
					"\"AVFoundation\"",
					"-framework",
					"\"CoreLocation\"",
					"-framework",
					"\"CoreMotion\"",
					"-framework",
					"\"OpenGLES\"",
					"-framework",
					"\"QuartzCore\"",
					"-framework",
					"\"SKMaps\"",
					"-framework",
					"\"SystemConfiguration\"",
					"-ObjC",
				);
				PRODUCT_BUNDLE_IDENTIFIER = com.odie.SkrobblerTast;
				PRODUCT_NAME = "$(TARGET_NAME)";
			};
			name = Debug;
		};
		4C9D80241D79BF710007F748 /* Release */ = {
			isa = XCBuildConfiguration;
			baseConfigurationReference = 32D896E6CD29848C59EF6D89 /* Pods-SkrobblerTast.release.xcconfig */;
			buildSettings = {
				ASSETCATALOG_COMPILER_APPICON_NAME = AppIcon;
				INFOPLIST_FILE = SkrobblerTast/Info.plist;
				LD_RUNPATH_SEARCH_PATHS = "$(inherited) @executable_path/Frameworks";
				OTHER_LDFLAGS = (
					"$(inherited)",
					"-l\"c++\"",
					"-l\"stdc++.6\"",
					"-l\"z\"",
					"-framework",
					"\"AVFoundation\"",
					"-framework",
					"\"CoreLocation\"",
					"-framework",
					"\"CoreMotion\"",
					"-framework",
					"\"OpenGLES\"",
					"-framework",
					"\"QuartzCore\"",
					"-framework",
					"\"SKMaps\"",
					"-framework",
					"\"SystemConfiguration\"",
					"-ObjC",
				);
				PRODUCT_BUNDLE_IDENTIFIER = com.odie.SkrobblerTast;
				PRODUCT_NAME = "$(TARGET_NAME)";
			};
			name = Release;
		};
/* End XCBuildConfiguration section */

/* Begin XCConfigurationList section */
		4C9D80061D79BF700007F748 /* Build configuration list for PBXProject "SkrobblerTast" */ = {
			isa = XCConfigurationList;
			buildConfigurations = (
				4C9D80201D79BF710007F748 /* Debug */,
				4C9D80211D79BF710007F748 /* Release */,
			);
			defaultConfigurationIsVisible = 0;
			defaultConfigurationName = Release;
		};
		4C9D80221D79BF710007F748 /* Build configuration list for PBXNativeTarget "SkrobblerTast" */ = {
			isa = XCConfigurationList;
			buildConfigurations = (
				4C9D80231D79BF710007F748 /* Debug */,
				4C9D80241D79BF710007F748 /* Release */,
			);
			defaultConfigurationIsVisible = 0;
			defaultConfigurationName = Release;
		};
/* End XCConfigurationList section */
	};
	rootObject = 4C9D80031D79BF700007F748 /* Project object */;
}
