PODS:
  - NVHTarGzip (1.0.1)
  - ScoutMaps-iOS-SDK (3.0)

DEPENDENCIES:
  - NVHTarGzip
  - ScoutMaps-iOS-SDK (~> 3.0)

SPEC CHECKSUMS:
  NVHTarGzip: 74cc227b902e5725900d37eb6d79b57e93005a73
  ScoutMaps-iOS-SDK: 2abce6919e1114409220df1569d657e290d76e7d

PODFILE CHECKSUM: 7b25af317fcd977c12d51c646a5d3015ba5e9f73

COCOAPODS: 1.0.1
